
Microsoft Visual Studio Solution File, Format Version 12.00
# Visual Studio Version 16
VisualStudioVersion = 16.0.30204.135
MinimumVisualStudioVersion = 10.0.40219.1
Project("{FAE04EC0-301F-11D3-BF4B-00C04F79EFBC}") = "MVVMLightSample1", "MVVMLightSample1\MVVMLightSample1.csproj", "{EB137671-3A44-4739-BE61-D9D01D4DAD7F}"
EndProject
Global
	GlobalSection(SolutionConfigurationPlatforms) = preSolution
		Debug|Any CPU = Debug|Any CPU
		Release|Any CPU = Release|Any CPU
	EndGlobalSection
	GlobalSection(ProjectConfigurationPlatforms) = postSolution
		{EB137671-3A44-4739-BE61-D9D01D4DAD7F}.Debug|Any CPU.ActiveCfg = Debug|Any CPU
		{EB137671-3A44-4739-BE61-D9D01D4DAD7F}.Debug|Any CPU.Build.0 = Debug|Any CPU
		{EB137671-3A44-4739-BE61-D9D01D4DAD7F}.Release|Any CPU.ActiveCfg = Release|Any CPU
		{EB137671-3A44-4739-BE61-D9D01D4DAD7F}.Release|Any CPU.Build.0 = Release|Any CPU
	EndGlobalSection
	GlobalSection(SolutionProperties) = preSolution
		HideSolutionNode = FALSE
	EndGlobalSection
	GlobalSection(ExtensibilityGlobals) = postSolution
		SolutionGuid = {DA21F941-FDE8-48FC-9883-6565F5D27340}
	EndGlobalSection
EndGlobal
